{
  "version": "5",
  "redirects": {
    "https://esm.sh/@supabase/supabase-js@2": "https://esm.sh/@supabase/supabase-js@2.112.4"
  },
  "remote": {
    "https://esm.sh/@supabase/supabase-js@2.112.4": "cfaa762b66cf8717f1b32db2699c4277aa673b39417cb9be9c0b19d9c7786bd7"
  },
  "workspace": {
    "packageJson": {
      "dependencies": [
        "npm:@supabase/supabase-js@^2.110.7",
        "npm:@types/react-dom@^18.3.1",
        "npm:@types/react@^18.3.11",
        "npm:@typescript-eslint/eslint-plugin@^8.8.1",
        "npm:@typescript-eslint/parser@^8.8.1",
        "npm:@vitejs/plugin-react@^4.3.2",
        "npm:autoprefixer@^10.4.20",
        "npm:cheerio@^1.2.0",
        "npm:dotenv@^17.4.2",
        "npm:eslint-plugin-react-hooks@5",
        "npm:eslint-plugin-react-refresh@~0.4.12",
        "npm:eslint@^9.12.0",
        "npm:iconv-lite@~0.6.3",
        "npm:pdfjs-dist@^6.2.108",
        "npm:postcss@^8.4.47",
        "npm:react-dom@^18.3.1",
        "npm:react-router-dom@^6.26.2",
        "npm:react@^18.3.1",
        "npm:tailwindcss@^3.4.13",
        "npm:topojson-client@^3.1.0",
        "npm:typescript@^5.6.3",
        "npm:vite@^5.4.8"
      ]
    }
  }
}
